
Microsoft Visual Studio Solution File, Format Version 12.00
# Visual Studio 14
VisualStudioVersion = 14.0.24720.0
MinimumVisualStudioVersion = 10.0.40219.1
Project("{8BC9CEB8-8B4A-11D0-8D11-00A0C91BC942}") = "CSGO Multihack", "CSGO Multihack\CSGO Multihack.vcxproj", "{1CE874B4-D258-4658-AF84-203C36DAA343}"
EndProject
Project("{8BC9CEB8-8B4A-11D0-8D11-00A0C91BC942}") = "Authenticator", "Authenticator\Authenticator.vcxproj", "{6BDE0FFC-C272-417E-95F5-8894A2F0C166}"
EndProject
Project("{8BC9CEB8-8B4A-11D0-8D11-00A0C91BC942}") = "CSGO Litehack", "CSGO Litehack\CSGO Litehack.vcxproj", "{6ACFF1BD-9C84-43E2-959F-30782360FA9B}"
EndProject
Project("{8BC9CEB8-8B4A-11D0-8D11-00A0C91BC942}") = "DerankBot", "DerankBot\DerankBot.vcxproj", "{DE86279E-661C-48B7-90E2-BAF3C553CDDB}"
EndProject
Global
	GlobalSection(SolutionConfigurationPlatforms) = preSolution
		Debug|x64 = Debug|x64
		Debug|x86 = Debug|x86
		Release|x64 = Release|x64
		Release|x86 = Release|x86
	EndGlobalSection
	GlobalSection(ProjectConfigurationPlatforms) = postSolution
		{1CE874B4-D258-4658-AF84-203C36DAA343}.Debug|x64.ActiveCfg = Debug|x64
		{1CE874B4-D258-4658-AF84-203C36DAA343}.Debug|x64.Build.0 = Debug|x64
		{1CE874B4-D258-4658-AF84-203C36DAA343}.Debug|x86.ActiveCfg = Debug|Win32
		{1CE874B4-D258-4658-AF84-203C36DAA343}.Debug|x86.Build.0 = Debug|Win32
		{1CE874B4-D258-4658-AF84-203C36DAA343}.Release|x64.ActiveCfg = Release|x64
		{1CE874B4-D258-4658-AF84-203C36DAA343}.Release|x64.Build.0 = Release|x64
		{1CE874B4-D258-4658-AF84-203C36DAA343}.Release|x86.ActiveCfg = Release|Win32
		{1CE874B4-D258-4658-AF84-203C36DAA343}.Release|x86.Build.0 = Release|Win32
		{1CE874B4-D258-4658-AF84-203C36DAA343}.Release|x86.Deploy.0 = Release|Win32
		{6BDE0FFC-C272-417E-95F5-8894A2F0C166}.Debug|x64.ActiveCfg = Debug|x64
		{6BDE0FFC-C272-417E-95F5-8894A2F0C166}.Debug|x64.Build.0 = Debug|x64
		{6BDE0FFC-C272-417E-95F5-8894A2F0C166}.Debug|x86.ActiveCfg = Debug|Win32
		{6BDE0FFC-C272-417E-95F5-8894A2F0C166}.Debug|x86.Build.0 = Debug|Win32
		{6BDE0FFC-C272-417E-95F5-8894A2F0C166}.Release|x64.ActiveCfg = Release|x64
		{6BDE0FFC-C272-417E-95F5-8894A2F0C166}.Release|x64.Build.0 = Release|x64
		{6BDE0FFC-C272-417E-95F5-8894A2F0C166}.Release|x86.ActiveCfg = Release|Win32
		{6BDE0FFC-C272-417E-95F5-8894A2F0C166}.Release|x86.Build.0 = Release|Win32
		{6ACFF1BD-9C84-43E2-959F-30782360FA9B}.Debug|x64.ActiveCfg = Debug|x64
		{6ACFF1BD-9C84-43E2-959F-30782360FA9B}.Debug|x64.Build.0 = Debug|x64
		{6ACFF1BD-9C84-43E2-959F-30782360FA9B}.Debug|x86.ActiveCfg = Debug|Win32
		{6ACFF1BD-9C84-43E2-959F-30782360FA9B}.Debug|x86.Build.0 = Debug|Win32
		{6ACFF1BD-9C84-43E2-959F-30782360FA9B}.Release|x64.ActiveCfg = Release|x64
		{6ACFF1BD-9C84-43E2-959F-30782360FA9B}.Release|x64.Build.0 = Release|x64
		{6ACFF1BD-9C84-43E2-959F-30782360FA9B}.Release|x86.ActiveCfg = Release|Win32
		{6ACFF1BD-9C84-43E2-959F-30782360FA9B}.Release|x86.Build.0 = Release|Win32
		{DE86279E-661C-48B7-90E2-BAF3C553CDDB}.Debug|x64.ActiveCfg = Debug|x64
		{DE86279E-661C-48B7-90E2-BAF3C553CDDB}.Debug|x64.Build.0 = Debug|x64
		{DE86279E-661C-48B7-90E2-BAF3C553CDDB}.Debug|x86.ActiveCfg = Debug|Win32
		{DE86279E-661C-48B7-90E2-BAF3C553CDDB}.Debug|x86.Build.0 = Debug|Win32
		{DE86279E-661C-48B7-90E2-BAF3C553CDDB}.Release|x64.ActiveCfg = Release|x64
		{DE86279E-661C-48B7-90E2-BAF3C553CDDB}.Release|x64.Build.0 = Release|x64
		{DE86279E-661C-48B7-90E2-BAF3C553CDDB}.Release|x86.ActiveCfg = Release|Win32
		{DE86279E-661C-48B7-90E2-BAF3C553CDDB}.Release|x86.Build.0 = Release|Win32
	EndGlobalSection
	GlobalSection(SolutionProperties) = preSolution
		HideSolutionNode = FALSE
	EndGlobalSection
EndGlobal
